
Microsoft Visual Studio Solution File, Format Version 12.00
# Visual Studio 15
VisualStudioVersion = 15.0.26020.0
MinimumVisualStudioVersion = 10.0.40219.1
Project("{FAE04EC0-301F-11D3-BF4B-00C04F79EFBC}") = "ch.bbbaden.m426.Zahlenpuzzle", "ch.bbbaden.m426.Zahlenpuzzle\ch.bbbaden.m426.Zahlenpuzzle.csproj", "{26AA2F40-9523-472C-93A4-1E80D102580D}"
EndProject
Project("{FAE04EC0-301F-11D3-BF4B-00C04F79EFBC}") = "ch.bbbaden.m426.Zahlenpuzzle.Test", "ch.bbbaden.m426.Zahlenpuzzle.Test\ch.bbbaden.m426.Zahlenpuzzle.Test.csproj", "{9506F406-6BB0-447F-91EA-7AAA27557ADB}"
EndProject
Project("{FAE04EC0-301F-11D3-BF4B-00C04F79EFBC}") = "ch.bbbaden.m426.Zahlenpuzzle.CLI", "ch.bbbaden.m426.Zahlenpuzzle.CLI\ch.bbbaden.m426.Zahlenpuzzle.CLI.csproj", "{2488443B-AB92-4515-A7FB-AB8B58E395C3}"
EndProject
Global
	GlobalSection(SolutionConfigurationPlatforms) = preSolution
		Debug|Any CPU = Debug|Any CPU
		Release|Any CPU = Release|Any CPU
	EndGlobalSection
	GlobalSection(ProjectConfigurationPlatforms) = postSolution
		{26AA2F40-9523-472C-93A4-1E80D102580D}.Debug|Any CPU.ActiveCfg = Debug|Any CPU
		{26AA2F40-9523-472C-93A4-1E80D102580D}.Debug|Any CPU.Build.0 = Debug|Any CPU
		{26AA2F40-9523-472C-93A4-1E80D102580D}.Release|Any CPU.ActiveCfg = Release|Any CPU
		{26AA2F40-9523-472C-93A4-1E80D102580D}.Release|Any CPU.Build.0 = Release|Any CPU
		{9506F406-6BB0-447F-91EA-7AAA27557ADB}.Debug|Any CPU.ActiveCfg = Debug|Any CPU
		{9506F406-6BB0-447F-91EA-7AAA27557ADB}.Debug|Any CPU.Build.0 = Debug|Any CPU
		{9506F406-6BB0-447F-91EA-7AAA27557ADB}.Release|Any CPU.ActiveCfg = Release|Any CPU
		{9506F406-6BB0-447F-91EA-7AAA27557ADB}.Release|Any CPU.Build.0 = Release|Any CPU
		{2488443B-AB92-4515-A7FB-AB8B58E395C3}.Debug|Any CPU.ActiveCfg = Debug|Any CPU
		{2488443B-AB92-4515-A7FB-AB8B58E395C3}.Debug|Any CPU.Build.0 = Debug|Any CPU
		{2488443B-AB92-4515-A7FB-AB8B58E395C3}.Release|Any CPU.ActiveCfg = Release|Any CPU
		{2488443B-AB92-4515-A7FB-AB8B58E395C3}.Release|Any CPU.Build.0 = Release|Any CPU
	EndGlobalSection
	GlobalSection(SolutionProperties) = preSolution
		HideSolutionNode = FALSE
	EndGlobalSection
EndGlobal
